{
  "version": 4,
  "terraform_version": "1.5.5",
  "serial": 60,
  "lineage": "d3e0d57b-e8da-b458-0b23-55b100aef7c6",
  "outputs": {},
  "resources": [
    {
      "module": "module.web_server_sg.module.sg",
      "mode": "managed",
      "type": "aws_security_group",
      "name": "this_name_prefix",
      "provider": "provider[\"registry.terraform.io/hashicorp/aws\"]",
      "instances": [
        {
          "index_key": 0,
          "schema_version": 1,
          "attributes": {
            "arn": "arn:aws:ec2:us-east-1:090323524233:security-group/sg-093f4a043a2bab71a",
            "description": "webserver sg",
            "egress": [],
            "id": "sg-093f4a043a2bab71a",
            "ingress": [],
            "name": "web-server-ganesh-20230812090231422300000001",
            "name_prefix": "web-server-ganesh-",
            "owner_id": "090323524233",
            "revoke_rules_on_delete": false,
            "tags": {
              "Name": "web-server-ganesh"
            },
            "tags_all": {
              "Name": "web-server-ganesh"
            },
            "timeouts": {
              "create": "10m",
              "delete": "15m"
            },
            "vpc_id": "vpc-0122b148a3134317b"
          },
          "sensitive_attributes": [],
          "private": "eyJlMmJmYjczMC1lY2FhLTExZTYtOGY4OC0zNDM2M2JjN2M0YzAiOnsiY3JlYXRlIjo2MDAwMDAwMDAwMDAsImRlbGV0ZSI6OTAwMDAwMDAwMDAwfSwic2NoZW1hX3ZlcnNpb24iOiIxIn0=",
          "create_before_destroy": true
        }
      ]
    },
    {
      "module": "module.web_server_sg.module.sg",
      "mode": "managed",
      "type": "aws_security_group_rule",
      "name": "egress_rules",
      "provider": "provider[\"registry.terraform.io/hashicorp/aws\"]",
      "instances": [
        {
          "index_key": 0,
          "schema_version": 2,
          "attributes": {
            "cidr_blocks": [
              "0.0.0.0/0"
            ],
            "description": "All protocols",
            "from_port": -1,
            "id": "sgrule-985865365",
            "ipv6_cidr_blocks": [
              "::/0"
            ],
            "prefix_list_ids": [],
            "protocol": "-1",
            "security_group_id": "sg-093f4a043a2bab71a",
            "security_group_rule_id": "",
            "self": false,
            "source_security_group_id": null,
            "timeouts": null,
            "to_port": -1,
            "type": "egress"
          },
          "sensitive_attributes": [],
          "private": "eyJlMmJmYjczMC1lY2FhLTExZTYtOGY4OC0zNDM2M2JjN2M0YzAiOnsiY3JlYXRlIjozMDAwMDAwMDAwMDB9LCJzY2hlbWFfdmVyc2lvbiI6IjIifQ==",
          "dependencies": [
            "module.web_server_sg.module.sg.aws_security_group.this",
            "module.web_server_sg.module.sg.aws_security_group.this_name_prefix"
          ]
        }
      ]
    },
    {
      "module": "module.web_server_sg.module.sg",
      "mode": "managed",
      "type": "aws_security_group_rule",
      "name": "ingress_rules",
      "provider": "provider[\"registry.terraform.io/hashicorp/aws\"]",
      "instances": [
        {
          "index_key": 0,
          "schema_version": 2,
          "attributes": {
            "cidr_blocks": [
              "10.10.0.0/16"
            ],
            "description": "HTTP",
            "from_port": 80,
            "id": "sgrule-490584188",
            "ipv6_cidr_blocks": [],
            "prefix_list_ids": [],
            "protocol": "tcp",
            "security_group_id": "sg-093f4a043a2bab71a",
            "security_group_rule_id": "sgr-0ec218dd2afbddd36",
            "self": false,
            "source_security_group_id": null,
            "timeouts": null,
            "to_port": 80,
            "type": "ingress"
          },
          "sensitive_attributes": [],
          "private": "eyJlMmJmYjczMC1lY2FhLTExZTYtOGY4OC0zNDM2M2JjN2M0YzAiOnsiY3JlYXRlIjozMDAwMDAwMDAwMDB9LCJzY2hlbWFfdmVyc2lvbiI6IjIifQ==",
          "dependencies": [
            "module.web_server_sg.module.sg.aws_security_group.this",
            "module.web_server_sg.module.sg.aws_security_group.this_name_prefix"
          ]
        }
      ]
    },
    {
      "module": "module.web_server_sg.module.sg",
      "mode": "managed",
      "type": "aws_security_group_rule",
      "name": "ingress_with_self",
      "provider": "provider[\"registry.terraform.io/hashicorp/aws\"]",
      "instances": [
        {
          "index_key": 0,
          "schema_version": 2,
          "attributes": {
            "cidr_blocks": null,
            "description": "Ingress Rule",
            "from_port": -1,
            "id": "sgrule-1853264787",
            "ipv6_cidr_blocks": null,
            "prefix_list_ids": [],
            "protocol": "-1",
            "security_group_id": "sg-093f4a043a2bab71a",
            "security_group_rule_id": "sgr-0a44d5a17b41d6cb6",
            "self": true,
            "source_security_group_id": null,
            "timeouts": null,
            "to_port": -1,
            "type": "ingress"
          },
          "sensitive_attributes": [],
          "private": "eyJlMmJmYjczMC1lY2FhLTExZTYtOGY4OC0zNDM2M2JjN2M0YzAiOnsiY3JlYXRlIjozMDAwMDAwMDAwMDB9LCJzY2hlbWFfdmVyc2lvbiI6IjIifQ==",
          "dependencies": [
            "module.web_server_sg.module.sg.aws_security_group.this",
            "module.web_server_sg.module.sg.aws_security_group.this_name_prefix"
          ]
        }
      ]
    }
  ],
  "check_results": null
}
